
Microsoft Visual Studio Solution File, Format Version 12.00
# Visual Studio Version 17
VisualStudioVersion = 17.4.33213.308
MinimumVisualStudioVersion = 10.0.40219.1
Project("{FAE04EC0-301F-11D3-BF4B-00C04F79EFBC}") = "AGE", "AGE\AGE.csproj", "{39B35D0D-7C2D-4A80-A63C-CD24E81F8C55}"
EndProject
Global
	GlobalSection(SolutionConfigurationPlatforms) = preSolution
		Debug|Any CPU = Debug|Any CPU
		Release|Any CPU = Release|Any CPU
	EndGlobalSection
	GlobalSection(ProjectConfigurationPlatforms) = postSolution
		{39B35D0D-7C2D-4A80-A63C-CD24E81F8C55}.Debug|Any CPU.ActiveCfg = Debug|Any CPU
		{39B35D0D-7C2D-4A80-A63C-CD24E81F8C55}.Debug|Any CPU.Build.0 = Debug|Any CPU
		{39B35D0D-7C2D-4A80-A63C-CD24E81F8C55}.Release|Any CPU.ActiveCfg = Release|Any CPU
		{39B35D0D-7C2D-4A80-A63C-CD24E81F8C55}.Release|Any CPU.Build.0 = Release|Any CPU
	EndGlobalSection
	GlobalSection(SolutionProperties) = preSolution
		HideSolutionNode = FALSE
	EndGlobalSection
	GlobalSection(ExtensibilityGlobals) = postSolution
		SolutionGuid = {3C331CBD-0712-4D85-A3AB-0BE48891674F}
	EndGlobalSection
EndGlobal
